
Microsoft Visual Studio Solution File, Format Version 12.00
# Visual Studio Version 17
VisualStudioVersion = 17.13.35931.197 d17.13
MinimumVisualStudioVersion = 10.0.40219.1
Project("{FAE04EC0-301F-11D3-BF4B-00C04F79EFBC}") = "cafesystem", "cafesystem\cafesystem.csproj", "{2DD54D3B-62C0-4A3C-AD20-04A25AE28323}"
EndProject
Global
	GlobalSection(SolutionConfigurationPlatforms) = preSolution
		Debug|Any CPU = Debug|Any CPU
		Release|Any CPU = Release|Any CPU
	EndGlobalSection
	GlobalSection(ProjectConfigurationPlatforms) = postSolution
		{2DD54D3B-62C0-4A3C-AD20-04A25AE28323}.Debug|Any CPU.ActiveCfg = Debug|Any CPU
		{2DD54D3B-62C0-4A3C-AD20-04A25AE28323}.Debug|Any CPU.Build.0 = Debug|Any CPU
		{2DD54D3B-62C0-4A3C-AD20-04A25AE28323}.Release|Any CPU.ActiveCfg = Release|Any CPU
		{2DD54D3B-62C0-4A3C-AD20-04A25AE28323}.Release|Any CPU.Build.0 = Release|Any CPU
	EndGlobalSection
	GlobalSection(SolutionProperties) = preSolution
		HideSolutionNode = FALSE
	EndGlobalSection
	GlobalSection(ExtensibilityGlobals) = postSolution
		SolutionGuid = {6EAF2355-8D28-46AF-B281-2B9B74C515AE}
	EndGlobalSection
EndGlobal
